// !$*UTF8*$!
{
	archiveVersion = 1;
	classes = {
	};
	objectVersion = 77;
	objects = {

/* Begin PBXBuildFile section */
		03EC1673D624C880E019B809 /* test_graph.cpp in Sources */ = {isa = PBXBuildFile; fileRef = 66ABA351901244128343D948 /* test_graph.cpp */; settings = {COMPILER_FLAGS = "-Dmain=test_graph_main"; }; };
		49814EA1814E59106CEAB74B /* test_kv_cache.cpp in Sources */ = {isa = PBXBuildFile; fileRef = 5D7F925534AFCAA4397E2EA5 /* test_kv_cache.cpp */; settings = {COMPILER_FLAGS = "-Dmain=test_kv_cache_main"; }; };
		4B40E9A888638C4E8C2F92E7 /* test_performance.cpp in Sources */ = {isa = PBXBuildFile; fileRef = 0A4662E03DDEC74603991626 /* test_performance.cpp */; settings = {COMPILER_FLAGS = "-Dmain=test_performance_main"; }; };
		AD296AA63AA0F3DDAB5E9DE8 /* test_kernel.cpp in Sources */ = {isa = PBXBuildFile; fileRef = 32EF7B31AD6E2E33AC5ADF20 /* test_kernel.cpp */; settings = {COMPILER_FLAGS = "-Dmain=test_kernel_main"; }; };
		CF20092FA9A4E76BC7813B53 /* test_engine.cpp in Sources */ = {isa = PBXBuildFile; fileRef = E245D866A03D1DAE5E2D9905 /* test_engine.cpp */; settings = {COMPILER_FLAGS = "-Dmain=test_engine_main"; }; };
		E424D34563E740CFBE8CB80F /* test_index.cpp in Sources */ = {isa = PBXBuildFile; fileRef = 1119F08EF73CE48F879B4F8A /* test_index.cpp */; settings = {COMPILER_FLAGS = "-Dmain=test_index_main"; }; };
		FD42F0E655CA56EB2AE500FB /* test_utils.cpp in Sources */ = {isa = PBXBuildFile; fileRef = 8BF66640C67C9C75C998B379 /* test_utils.cpp */; };
/* End PBXBuildFile section */

/* Begin PBXFileReference section */
		0A4662E03DDEC74603991626 /* test_performance.cpp */ = {isa = PBXFileReference; includeInIndex = 1; lastKnownFileType = sourcecode.cpp.cpp; name = test_performance.cpp; path = /Users/karen/cactus/tests/test_performance.cpp; sourceTree = "<absolute>"; };
		1119F08EF73CE48F879B4F8A /* test_index.cpp */ = {isa = PBXFileReference; includeInIndex = 1; lastKnownFileType = sourcecode.cpp.cpp; name = test_index.cpp; path = /Users/karen/cactus/tests/test_index.cpp; sourceTree = "<absolute>"; };
		2AA889CA2EE510D50037A29D /* CactusTest.app */ = {isa = PBXFileReference; explicitFileType = wrapper.application; includeInIndex = 0; path = CactusTest.app; sourceTree = BUILT_PRODUCTS_DIR; };
		321915FC6F8765FBA41EE961 /* test_utils.h */ = {isa = PBXFileReference; includeInIndex = 1; lastKnownFileType = sourcecode.c.h; name = test_utils.h; path = /Users/karen/cactus/tests/test_utils.h; sourceTree = "<absolute>"; };
		32EF7B31AD6E2E33AC5ADF20 /* test_kernel.cpp */ = {isa = PBXFileReference; includeInIndex = 1; lastKnownFileType = sourcecode.cpp.cpp; name = test_kernel.cpp; path = /Users/karen/cactus/tests/test_kernel.cpp; sourceTree = "<absolute>"; };
		5D7F925534AFCAA4397E2EA5 /* test_kv_cache.cpp */ = {isa = PBXFileReference; includeInIndex = 1; lastKnownFileType = sourcecode.cpp.cpp; name = test_kv_cache.cpp; path = /Users/karen/cactus/tests/test_kv_cache.cpp; sourceTree = "<absolute>"; };
		66ABA351901244128343D948 /* test_graph.cpp */ = {isa = PBXFileReference; includeInIndex = 1; lastKnownFileType = sourcecode.cpp.cpp; name = test_graph.cpp; path = /Users/karen/cactus/tests/test_graph.cpp; sourceTree = "<absolute>"; };
		8BF66640C67C9C75C998B379 /* test_utils.cpp */ = {isa = PBXFileReference; includeInIndex = 1; lastKnownFileType = sourcecode.cpp.cpp; name = test_utils.cpp; path = /Users/karen/cactus/tests/test_utils.cpp; sourceTree = "<absolute>"; };
		E245D866A03D1DAE5E2D9905 /* test_engine.cpp */ = {isa = PBXFileReference; includeInIndex = 1; lastKnownFileType = sourcecode.cpp.cpp; name = test_engine.cpp; path = /Users/karen/cactus/tests/test_engine.cpp; sourceTree = "<absolute>"; };
/* End PBXFileReference section */

/* Begin PBXFileSystemSynchronizedBuildFileExceptionSet section */
		2AA889E12EE510D60037A29D /* Exceptions for "CactusTest" folder in "CactusTest" target */ = {
			isa = PBXFileSystemSynchronizedBuildFileExceptionSet;
			membershipExceptions = (
				Info.plist,
			);
			target = 2AA889C92EE510D50037A29D /* CactusTest */;
		};
/* End PBXFileSystemSynchronizedBuildFileExceptionSet section */

/* Begin PBXFileSystemSynchronizedRootGroup section */
		2AA889CC2EE510D50037A29D /* CactusTest */ = {
			isa = PBXFileSystemSynchronizedRootGroup;
			exceptions = (
				2AA889E12EE510D60037A29D /* Exceptions for "CactusTest" folder in "CactusTest" target */,
			);
			path = CactusTest;
			sourceTree = "<group>";
		};
/* End PBXFileSystemSynchronizedRootGroup section */

/* Begin PBXFrameworksBuildPhase section */
		2AA889C72EE510D50037A29D /* Frameworks */ = {
			isa = PBXFrameworksBuildPhase;
			buildActionMask = 2147483647;
			files = (
			);
			runOnlyForDeploymentPostprocessing = 0;
		};
/* End PBXFrameworksBuildPhase section */

/* Begin PBXGroup section */
		2AA889C12EE510D50037A29D = {
			isa = PBXGroup;
			children = (
				2AA889CC2EE510D50037A29D /* CactusTest */,
				2AA889CB2EE510D50037A29D /* Products */,
				8FB4A098D1AC0A9B2046607A /* Tests */,
			);
			sourceTree = "<group>";
		};
		2AA889CB2EE510D50037A29D /* Products */ = {
			isa = PBXGroup;
			children = (
				2AA889CA2EE510D50037A29D /* CactusTest.app */,
			);
			name = Products;
			sourceTree = "<group>";
		};
		8FB4A098D1AC0A9B2046607A /* Tests */ = {
			isa = PBXGroup;
			children = (
				E245D866A03D1DAE5E2D9905 /* test_engine.cpp */,
				66ABA351901244128343D948 /* test_graph.cpp */,
				1119F08EF73CE48F879B4F8A /* test_index.cpp */,
				32EF7B31AD6E2E33AC5ADF20 /* test_kernel.cpp */,
				5D7F925534AFCAA4397E2EA5 /* test_kv_cache.cpp */,
				0A4662E03DDEC74603991626 /* test_performance.cpp */,
				8BF66640C67C9C75C998B379 /* test_utils.cpp */,
				321915FC6F8765FBA41EE961 /* test_utils.h */,
			);
			name = Tests;
			path = ../..;
			sourceTree = "<absolute>";
		};
/* End PBXGroup section */

/* Begin PBXNativeTarget section */
		2AA889C92EE510D50037A29D /* CactusTest */ = {
			isa = PBXNativeTarget;
			buildConfigurationList = 2AA889E22EE510D60037A29D /* Build configuration list for PBXNativeTarget "CactusTest" */;
			buildPhases = (
				2AA889C62EE510D50037A29D /* Sources */,
				2AA889C72EE510D50037A29D /* Frameworks */,
				2AA889C82EE510D50037A29D /* Resources */,
			);
			buildRules = (
			);
			dependencies = (
			);
			fileSystemSynchronizedGroups = (
				2AA889CC2EE510D50037A29D /* CactusTest */,
			);
			name = CactusTest;
			productName = CactusTest;
			productReference = 2AA889CA2EE510D50037A29D /* CactusTest.app */;
			productType = "com.apple.product-type.application";
		};
/* End PBXNativeTarget section */

/* Begin PBXProject section */
		2AA889C22EE510D50037A29D /* Project object */ = {
			isa = PBXProject;
			attributes = {
				BuildIndependentTargetsInParallel = 1;
				LastUpgradeCheck = 2600;
				TargetAttributes = {
					2AA889C92EE510D50037A29D = {
						CreatedOnToolsVersion = 26.0.1;
					};
				};
			};
			buildConfigurationList = 2AA889C52EE510D50037A29D /* Build configuration list for PBXProject "CactusTest" */;
			developmentRegion = en;
			hasScannedForEncodings = 0;
			knownRegions = (
				en,
				Base,
			);
			mainGroup = 2AA889C12EE510D50037A29D;
			minimizedProjectReferenceProxies = 1;
			preferredProjectObjectVersion = 77;
			productRefGroup = 2AA889CB2EE510D50037A29D /* Products */;
			projectDirPath = "";
			projectRoot = "";
			targets = (
				2AA889C92EE510D50037A29D /* CactusTest */,
			);
		};
/* End PBXProject section */

/* Begin PBXResourcesBuildPhase section */
		2AA889C82EE510D50037A29D /* Resources */ = {
			isa = PBXResourcesBuildPhase;
			buildActionMask = 2147483647;
			files = (
			);
			runOnlyForDeploymentPostprocessing = 0;
		};
/* End PBXResourcesBuildPhase section */

/* Begin PBXSourcesBuildPhase section */
		2AA889C62EE510D50037A29D /* Sources */ = {
			isa = PBXSourcesBuildPhase;
			buildActionMask = 2147483647;
			files = (
				CF20092FA9A4E76BC7813B53 /* test_engine.cpp in Sources */,
				03EC1673D624C880E019B809 /* test_graph.cpp in Sources */,
				E424D34563E740CFBE8CB80F /* test_index.cpp in Sources */,
				AD296AA63AA0F3DDAB5E9DE8 /* test_kernel.cpp in Sources */,
				49814EA1814E59106CEAB74B /* test_kv_cache.cpp in Sources */,
				4B40E9A888638C4E8C2F92E7 /* test_performance.cpp in Sources */,
				FD42F0E655CA56EB2AE500FB /* test_utils.cpp in Sources */,
			);
			runOnlyForDeploymentPostprocessing = 0;
		};
/* End PBXSourcesBuildPhase section */

/* Begin XCBuildConfiguration section */
		2AA889E32EE510D60037A29D /* Debug */ = {
			isa = XCBuildConfiguration;
			buildSettings = {
				ASSETCATALOG_COMPILER_APPICON_NAME = AppIcon;
				ASSETCATALOG_COMPILER_GLOBAL_ACCENT_COLOR_NAME = AccentColor;
				CLANG_CXX_LANGUAGE_STANDARD = "c++20";
				CLANG_CXX_LIBRARY = "libc++";
				CODE_SIGN_STYLE = Automatic;
				CURRENT_PROJECT_VERSION = 1;
				DEVELOPMENT_TEAM = NU985SW529;
				GENERATE_INFOPLIST_FILE = YES;
				HEADER_SEARCH_PATHS = (
					"$(inherited)",
					/Users/karen/cactus/tests,
					/Users/karen/cactus/cactus,
				);
				INFOPLIST_FILE = CactusTest/Info.plist;
				INFOPLIST_KEY_UIApplicationSupportsIndirectInputEvents = YES;
				INFOPLIST_KEY_UISupportedInterfaceOrientations_iPad = "UIInterfaceOrientationPortrait UIInterfaceOrientationPortraitUpsideDown UIInterfaceOrientationLandscapeLeft UIInterfaceOrientationLandscapeRight";
				INFOPLIST_KEY_UISupportedInterfaceOrientations_iPhone = "UIInterfaceOrientationPortrait UIInterfaceOrientationLandscapeLeft UIInterfaceOrientationLandscapeRight";
				IPHONEOS_DEPLOYMENT_TARGET = 13.0;
				LD_RUNPATH_SEARCH_PATHS = (
					"$(inherited)",
					"@executable_path/Frameworks",
				);
				MARKETING_VERSION = 1.0;
				OTHER_CPLUSPLUSFLAGS = (
					"$(inherited)",
					"-pthread",
					"-Wall",
					"-Wextra",
					"-pedantic",
					"-O3",
				);
				OTHER_LDFLAGS = (
					"$(inherited)",
					"/Users/karen/cactus/apple/libcactus-device.a",
					"-framework CoreML",
					"-framework Foundation",
					"-framework Accelerate",
				);
				PRODUCT_BUNDLE_IDENTIFIER = com.cactus.test.karen;
				PRODUCT_NAME = "$(TARGET_NAME)";
				STRING_CATALOG_GENERATE_SYMBOLS = YES;
				SWIFT_EMIT_LOC_STRINGS = YES;
				TARGETED_DEVICE_FAMILY = "1,2";
			};
			name = Debug;
		};
		2AA889E42EE510D60037A29D /* Release */ = {
			isa = XCBuildConfiguration;
			buildSettings = {
				ASSETCATALOG_COMPILER_APPICON_NAME = AppIcon;
				ASSETCATALOG_COMPILER_GLOBAL_ACCENT_COLOR_NAME = AccentColor;
				CLANG_CXX_LANGUAGE_STANDARD = "c++20";
				CLANG_CXX_LIBRARY = "libc++";
				CODE_SIGN_STYLE = Automatic;
				CURRENT_PROJECT_VERSION = 1;
				DEVELOPMENT_TEAM = NU985SW529;
				GENERATE_INFOPLIST_FILE = YES;
				HEADER_SEARCH_PATHS = (
					"$(inherited)",
					/Users/karen/cactus/tests,
					/Users/karen/cactus/cactus,
				);
				INFOPLIST_FILE = CactusTest/Info.plist;
				INFOPLIST_KEY_UIApplicationSupportsIndirectInputEvents = YES;
				INFOPLIST_KEY_UISupportedInterfaceOrientations_iPad = "UIInterfaceOrientationPortrait UIInterfaceOrientationPortraitUpsideDown UIInterfaceOrientationLandscapeLeft UIInterfaceOrientationLandscapeRight";
				INFOPLIST_KEY_UISupportedInterfaceOrientations_iPhone = "UIInterfaceOrientationPortrait UIInterfaceOrientationLandscapeLeft UIInterfaceOrientationLandscapeRight";
				IPHONEOS_DEPLOYMENT_TARGET = 13.0;
				LD_RUNPATH_SEARCH_PATHS = (
					"$(inherited)",
					"@executable_path/Frameworks",
				);
				MARKETING_VERSION = 1.0;
				OTHER_CPLUSPLUSFLAGS = (
					"$(inherited)",
					"-pthread",
					"-Wall",
					"-Wextra",
					"-pedantic",
					"-O3",
				);
				OTHER_LDFLAGS = (
					"$(inherited)",
					"/Users/karen/cactus/apple/libcactus-device.a",
					"-framework CoreML",
					"-framework Foundation",
					"-framework Accelerate",
				);
				PRODUCT_BUNDLE_IDENTIFIER = com.cactus.test.karen;
				PRODUCT_NAME = "$(TARGET_NAME)";
				STRING_CATALOG_GENERATE_SYMBOLS = YES;
				SWIFT_EMIT_LOC_STRINGS = YES;
				TARGETED_DEVICE_FAMILY = "1,2";
			};
			name = Release;
		};
		2AA889E52EE510D60037A29D /* Debug */ = {
			isa = XCBuildConfiguration;
			buildSettings = {
				ALWAYS_SEARCH_USER_PATHS = NO;
				ASSETCATALOG_COMPILER_GENERATE_SWIFT_ASSET_SYMBOL_EXTENSIONS = YES;
				CLANG_ANALYZER_NONNULL = YES;
				CLANG_ANALYZER_NUMBER_OBJECT_CONVERSION = YES_AGGRESSIVE;
				CLANG_CXX_LANGUAGE_STANDARD = "gnu++20";
				CLANG_ENABLE_MODULES = YES;
				CLANG_ENABLE_OBJC_ARC = YES;
				CLANG_ENABLE_OBJC_WEAK = YES;
				CLANG_WARN_BLOCK_CAPTURE_AUTORELEASING = YES;
				CLANG_WARN_BOOL_CONVERSION = YES;
				CLANG_WARN_COMMA = YES;
				CLANG_WARN_CONSTANT_CONVERSION = YES;
				CLANG_WARN_DEPRECATED_OBJC_IMPLEMENTATIONS = YES;
				CLANG_WARN_DIRECT_OBJC_ISA_USAGE = YES_ERROR;
				CLANG_WARN_DOCUMENTATION_COMMENTS = YES;
				CLANG_WARN_EMPTY_BODY = YES;
				CLANG_WARN_ENUM_CONVERSION = YES;
				CLANG_WARN_INFINITE_RECURSION = YES;
				CLANG_WARN_INT_CONVERSION = YES;
				CLANG_WARN_NON_LITERAL_NULL_CONVERSION = YES;
				CLANG_WARN_OBJC_IMPLICIT_RETAIN_SELF = YES;
				CLANG_WARN_OBJC_LITERAL_CONVERSION = YES;
				CLANG_WARN_OBJC_ROOT_CLASS = YES_ERROR;
				CLANG_WARN_QUOTED_INCLUDE_IN_FRAMEWORK_HEADER = YES;
				CLANG_WARN_RANGE_LOOP_ANALYSIS = YES;
				CLANG_WARN_STRICT_PROTOTYPES = YES;
				CLANG_WARN_SUSPICIOUS_MOVE = YES;
				CLANG_WARN_UNGUARDED_AVAILABILITY = YES_AGGRESSIVE;
				CLANG_WARN_UNREACHABLE_CODE = YES;
				CLANG_WARN__DUPLICATE_METHOD_MATCH = YES;
				COPY_PHASE_STRIP = NO;
				DEBUG_INFORMATION_FORMAT = dwarf;
				ENABLE_STRICT_OBJC_MSGSEND = YES;
				ENABLE_TESTABILITY = YES;
				ENABLE_USER_SCRIPT_SANDBOXING = YES;
				GCC_C_LANGUAGE_STANDARD = gnu17;
				GCC_DYNAMIC_NO_PIC = NO;
				GCC_NO_COMMON_BLOCKS = YES;
				GCC_OPTIMIZATION_LEVEL = 0;
				GCC_PREPROCESSOR_DEFINITIONS = (
					"DEBUG=1",
					"$(inherited)",
				);
				GCC_WARN_64_TO_32_BIT_CONVERSION = YES;
				GCC_WARN_ABOUT_RETURN_TYPE = YES_ERROR;
				GCC_WARN_UNDECLARED_SELECTOR = YES;
				GCC_WARN_UNINITIALIZED_AUTOS = YES_AGGRESSIVE;
				GCC_WARN_UNUSED_FUNCTION = YES;
				GCC_WARN_UNUSED_VARIABLE = YES;
				IPHONEOS_DEPLOYMENT_TARGET = 26.0;
				LOCALIZATION_PREFERS_STRING_CATALOGS = YES;
				MTL_ENABLE_DEBUG_INFO = INCLUDE_SOURCE;
				MTL_FAST_MATH = YES;
				ONLY_ACTIVE_ARCH = YES;
				SDKROOT = iphoneos;
			};
			name = Debug;
		};
		2AA889E62EE510D60037A29D /* Release */ = {
			isa = XCBuildConfiguration;
			buildSettings = {
				ALWAYS_SEARCH_USER_PATHS = NO;
				ASSETCATALOG_COMPILER_GENERATE_SWIFT_ASSET_SYMBOL_EXTENSIONS = YES;
				CLANG_ANALYZER_NONNULL = YES;
				CLANG_ANALYZER_NUMBER_OBJECT_CONVERSION = YES_AGGRESSIVE;
				CLANG_CXX_LANGUAGE_STANDARD = "gnu++20";
				CLANG_ENABLE_MODULES = YES;
				CLANG_ENABLE_OBJC_ARC = YES;
				CLANG_ENABLE_OBJC_WEAK = YES;
				CLANG_WARN_BLOCK_CAPTURE_AUTORELEASING = YES;
				CLANG_WARN_BOOL_CONVERSION = YES;
				CLANG_WARN_COMMA = YES;
				CLANG_WARN_CONSTANT_CONVERSION = YES;
				CLANG_WARN_DEPRECATED_OBJC_IMPLEMENTATIONS = YES;
				CLANG_WARN_DIRECT_OBJC_ISA_USAGE = YES_ERROR;
				CLANG_WARN_DOCUMENTATION_COMMENTS = YES;
				CLANG_WARN_EMPTY_BODY = YES;
				CLANG_WARN_ENUM_CONVERSION = YES;
				CLANG_WARN_INFINITE_RECURSION = YES;
				CLANG_WARN_INT_CONVERSION = YES;
				CLANG_WARN_NON_LITERAL_NULL_CONVERSION = YES;
				CLANG_WARN_OBJC_IMPLICIT_RETAIN_SELF = YES;
				CLANG_WARN_OBJC_LITERAL_CONVERSION = YES;
				CLANG_WARN_OBJC_ROOT_CLASS = YES_ERROR;
				CLANG_WARN_QUOTED_INCLUDE_IN_FRAMEWORK_HEADER = YES;
				CLANG_WARN_RANGE_LOOP_ANALYSIS = YES;
				CLANG_WARN_STRICT_PROTOTYPES = YES;
				CLANG_WARN_SUSPICIOUS_MOVE = YES;
				CLANG_WARN_UNGUARDED_AVAILABILITY = YES_AGGRESSIVE;
				CLANG_WARN_UNREACHABLE_CODE = YES;
				CLANG_WARN__DUPLICATE_METHOD_MATCH = YES;
				COPY_PHASE_STRIP = NO;
				DEBUG_INFORMATION_FORMAT = "dwarf-with-dsym";
				ENABLE_NS_ASSERTIONS = NO;
				ENABLE_STRICT_OBJC_MSGSEND = YES;
				ENABLE_USER_SCRIPT_SANDBOXING = YES;
				GCC_C_LANGUAGE_STANDARD = gnu17;
				GCC_NO_COMMON_BLOCKS = YES;
				GCC_WARN_64_TO_32_BIT_CONVERSION = YES;
				GCC_WARN_ABOUT_RETURN_TYPE = YES_ERROR;
				GCC_WARN_UNDECLARED_SELECTOR = YES;
				GCC_WARN_UNINITIALIZED_AUTOS = YES_AGGRESSIVE;
				GCC_WARN_UNUSED_FUNCTION = YES;
				GCC_WARN_UNUSED_VARIABLE = YES;
				IPHONEOS_DEPLOYMENT_TARGET = 26.0;
				LOCALIZATION_PREFERS_STRING_CATALOGS = YES;
				MTL_ENABLE_DEBUG_INFO = NO;
				MTL_FAST_MATH = YES;
				SDKROOT = iphoneos;
				VALIDATE_PRODUCT = YES;
			};
			name = Release;
		};
/* End XCBuildConfiguration section */

/* Begin XCConfigurationList section */
		2AA889C52EE510D50037A29D /* Build configuration list for PBXProject "CactusTest" */ = {
			isa = XCConfigurationList;
			buildConfigurations = (
				2AA889E52EE510D60037A29D /* Debug */,
				2AA889E62EE510D60037A29D /* Release */,
			);
			defaultConfigurationIsVisible = 0;
			defaultConfigurationName = Release;
		};
		2AA889E22EE510D60037A29D /* Build configuration list for PBXNativeTarget "CactusTest" */ = {
			isa = XCConfigurationList;
			buildConfigurations = (
				2AA889E32EE510D60037A29D /* Debug */,
				2AA889E42EE510D60037A29D /* Release */,
			);
			defaultConfigurationIsVisible = 0;
			defaultConfigurationName = Release;
		};
/* End XCConfigurationList section */
	};
	rootObject = 2AA889C22EE510D50037A29D /* Project object */;
}
